
Microsoft Visual Studio Solution File, Format Version 12.00
# Visual Studio Version 17
VisualStudioVersion = 17.5.002.0
MinimumVisualStudioVersion = 10.0.40219.1
Project("{9A19103F-16F7-4668-BE54-9A1E7A4F7556}") = "ATIVIDADEBACKSA2", "ATIVIDADEBACKSA2\ATIVIDADEBACKSA2.csproj", "{922ADFD2-9E48-4D15-921E-0511627AC7D2}"
EndProject
Global
	GlobalSection(SolutionConfigurationPlatforms) = preSolution
		Debug|Any CPU = Debug|Any CPU
		Release|Any CPU = Release|Any CPU
	EndGlobalSection
	GlobalSection(ProjectConfigurationPlatforms) = postSolution
		{922ADFD2-9E48-4D15-921E-0511627AC7D2}.Debug|Any CPU.ActiveCfg = Debug|Any CPU
		{922ADFD2-9E48-4D15-921E-0511627AC7D2}.Debug|Any CPU.Build.0 = Debug|Any CPU
		{922ADFD2-9E48-4D15-921E-0511627AC7D2}.Release|Any CPU.ActiveCfg = Release|Any CPU
		{922ADFD2-9E48-4D15-921E-0511627AC7D2}.Release|Any CPU.Build.0 = Release|Any CPU
	EndGlobalSection
	GlobalSection(SolutionProperties) = preSolution
		HideSolutionNode = FALSE
	EndGlobalSection
	GlobalSection(ExtensibilityGlobals) = postSolution
		SolutionGuid = {B298FB23-248B-4B67-82FE-B2D32891C86A}
	EndGlobalSection
EndGlobal
